schema: '2.0'
stages:
  data_ingestion:
    cmd: python src/data/data_ingestion.py
    deps:
    - path: src/data/data_ingestion.py
      hash: md5
      md5: 538fae98479eeb6038fb24f005e1a89a
      size: 3049
    params:
      params.yaml:
        data_ingestion.test_size: 0.2
    outs:
    - path: data/raw
      hash: md5
      md5: fb326d2eec197669f9638afde28356bf.dir
      size: 827973
      nfiles: 2
  data_preprocessing:
    cmd: python src/data/data_preprocessing.py
    deps:
    - path: data/raw
      hash: md5
      md5: fb326d2eec197669f9638afde28356bf.dir
      size: 827973
      nfiles: 2
    - path: src/data/data_preprocessing.py
      hash: md5
      md5: 6a11abf8b997928a284ee2642c78d2af
      size: 2377
    outs:
    - path: data/interim
      hash: md5
      md5: ddc4fc9a086385aa9dcb7f91f3b0299c.dir
      size: 615862
      nfiles: 2
  feature_engineering:
    cmd: python src/features/feature_engineering.py
    deps:
    - path: data/interim
      hash: md5
      md5: ddc4fc9a086385aa9dcb7f91f3b0299c.dir
      size: 615862
      nfiles: 2
    - path: src/features/feature_engineering.py
      hash: md5
      md5: 0073ed1906f0831217f507afa5b453a7
      size: 1265
    params:
      params.yaml:
        feature_engineering.max_features: 100
    outs:
    - path: data/processed
      hash: md5
      md5: 4444436722f9b3b184da6bed29f64fc7.dir
      size: 4584265
      nfiles: 2
  model_building:
    cmd: python src/model/model_building.py
    deps:
    - path: data/processed
      hash: md5
      md5: 4444436722f9b3b184da6bed29f64fc7.dir
      size: 4584265
      nfiles: 2
    - path: src/model/model_building.py
      hash: md5
      md5: 60dee2df3ec4cf4f905f5b0c8519312a
      size: 677
    params:
      params.yaml:
        model_building.learning_rate: 0.1
        model_building.n_estimators: 250
    outs:
    - path: models/model.pkl
      hash: md5
      md5: b1089b997195e0e467fde5882ef895f9
      size: 321002
  model_evaluation:
    cmd: python src/model/model_evaluation.py
    deps:
    - path: models/model.pkl
      hash: md5
      md5: b1089b997195e0e467fde5882ef895f9
      size: 321002
    - path: src/model/model_evaluation.py
      hash: md5
      md5: 4a1f4934ea238140f3025dc235c0e4b5
      size: 864
    outs:
    - path: reports/metrics.json
      hash: md5
      md5: dbd05dd02c634e033cc110a133698e6e
      size: 130
